{
  "name": "vdpcollect",
  "version": "1.0.0",
  "lockfileVersion": 3,
  "requires": true,
  "packages": {
    "": {
      "name": "vdpcollect",
      "version": "1.0.0",
      "license": "ISC",
      "dependencies": {
        "csp_evaluator": "^1.1.5"
      }
    },
    "node_modules/csp_evaluator": {
      "version": "1.1.5",
      "resolved": "https://registry.npmjs.org/csp_evaluator/-/csp_evaluator-1.1.5.tgz",
      "integrity": "sha512-EL/iN9etCTzw/fBnp0/uj0f5BOOGvZut2mzsiiBZ/FdT6gFQCKRO/tmcKOxn5drWZ2Ndm/xBb1SI4zwWbGtmIw=="
    }
  }
}
